hash: 0e21754f77b2d85c8e1203de1a3b37f06241c1a560ec447e9d90a429435ebf29
updated: 2018-02-06T10:48:54.150069-05:00
imports:
- name: github.com/boltdb/bolt
  version: 2f1ce7a837dcb8da3ec595b1dac9d0632f0f99e8
- name: github.com/golang/protobuf
  version: fec3b39b059c0f88fa6b20f5ed012b1aa203a8b4
  subpackages:
  - jsonpb
  - proto
  - ptypes
  - ptypes/any
  - ptypes/duration
  - ptypes/struct
  - ptypes/timestamp
- name: github.com/grpc-ecosystem/go-grpc-middleware
  version: d0c54e68681ec7999ac17864470f3bee6521ba2b
  subpackages:
  - logging
  - logging/logrus
  - tags
  - tags/logrus
- name: github.com/hashicorp/errwrap
  version: 7554cd9344cec97297fa6649b055a8c98c2a1e55
- name: github.com/hashicorp/go-multierror
  version: b7773ae218740a7be65057fc60b366a49b538a44
- name: github.com/hashicorp/golang-lru
  version: 0fb14efe8c47ae851c0034ed7a448854d3d34cf3
  subpackages:
  - simplelru
- name: github.com/imdario/mergo
  version: f1ac5984e69fed03e0574a92f70c59f132616ea2
- name: github.com/mr-tron/base58
  version: c1bdf7c52f59d6685ca597b9955a443ff95eeee6
  subpackages:
  - base58
- name: github.com/sirupsen/logrus
  version: 768a92a02685ee7535069fc1581341b41bab9b72
- name: github.com/spf13/cobra
  version: 7b2c5ac9fc04fc5efafb60700713d4fa609b777b
  subpackages:
  - cobra
- name: golang.org/x/crypto
  version: 122d919ec1efcfb58483215da23f815853e24b81
  subpackages:
  - ripemd160
  - ssh/terminal
- name: golang.org/x/net
  version: 8663ed5da4fd087c3cfb99a996e628b72e2f0948
  subpackages:
  - context
  - http2
  - http2/hpack
  - idna
  - internal/timeseries
  - lex/httplex
  - trace
- name: golang.org/x/sys
  version: cd2c276457edda6df7fb04895d3fd6a6add42926
  subpackages:
  - unix
- name: golang.org/x/text
  version: 6353ef0f924300eea566d3438817aa4d3374817e
  subpackages:
  - secure/bidirule
  - transform
  - unicode/bidi
  - unicode/norm
- name: google.golang.org/genproto
  version: 411e09b969b1170a9f0c467558eb4c4c110d9c77
  subpackages:
  - googleapis/rpc/status
- name: google.golang.org/grpc
  version: 6b51017f791ae1cfbec89c52efdf444b13b550ef
  subpackages:
  - balancer
  - balancer/base
  - balancer/roundrobin
  - codes
  - connectivity
  - credentials
  - encoding
  - grpclb/grpc_lb_v1/messages
  - grpclog
  - internal
  - keepalive
  - metadata
  - naming
  - peer
  - resolver
  - resolver/dns
  - resolver/passthrough
  - stats
  - status
  - tap
  - transport
testImports:
- name: github.com/google/go-cmp
  version: 8099a9787ce5dc5984ed879a3bda47dc730a8e97
  subpackages:
  - cmp
